{
  "name": "jquery-dragon",
  "version": "0.5.1",
  "lockfileVersion": 2,
  "requires": true,
  "packages": {
    "": {
      "name": "jquery-dragon",
      "version": "0.5.1",
      "license": "MIT",
      "dependencies": {
        "jquery": "~2.1.0"
      }
    },
    "node_modules/jquery": {
      "version": "2.1.4",
      "resolved": "https://registry.npmjs.org/jquery/-/jquery-2.1.4.tgz",
      "integrity": "sha1-IoveaYoMYUMdwmMKahVPFYkNIxc="
    }
  },
  "dependencies": {
    "jquery": {
      "version": "2.1.4",
      "resolved": "https://registry.npmjs.org/jquery/-/jquery-2.1.4.tgz",
      "integrity": "sha1-IoveaYoMYUMdwmMKahVPFYkNIxc="
    }
  }
}
